
Microsoft Visual Studio Solution File, Format Version 12.00
# Visual Studio 14
VisualStudioVersion = 14.0.22823.1
MinimumVisualStudioVersion = 10.0.40219.1
Project("{FAE04EC0-301F-11D3-BF4B-00C04F79EFBC}") = "Kf.SettingsManagement", "Kf.SettingsManagement\Kf.SettingsManagement.csproj", "{4FF119B8-2D36-4525-8117-42E6CE9FE529}"
EndProject
Project("{FAE04EC0-301F-11D3-BF4B-00C04F79EFBC}") = "Kf.SettingsManagement.Tests", "Kf.SettingsManagement.Tests\Kf.SettingsManagement.Tests.csproj", "{DB1E92CD-97ED-450E-9BF1-6D8BC3569C2D}"
EndProject
Project("{FAE04EC0-301F-11D3-BF4B-00C04F79EFBC}") = "Kf.SettingsManagement.Json", "Kf.SettingsManagement.Json\Kf.SettingsManagement.Json.csproj", "{02DCBDA8-AD00-4318-8704-9573D6329403}"
EndProject
Global
	GlobalSection(SolutionConfigurationPlatforms) = preSolution
		Debug|Any CPU = Debug|Any CPU
		Release|Any CPU = Release|Any CPU
	EndGlobalSection
	GlobalSection(ProjectConfigurationPlatforms) = postSolution
		{4FF119B8-2D36-4525-8117-42E6CE9FE529}.Debug|Any CPU.ActiveCfg = Debug|Any CPU
		{4FF119B8-2D36-4525-8117-42E6CE9FE529}.Debug|Any CPU.Build.0 = Debug|Any CPU
		{4FF119B8-2D36-4525-8117-42E6CE9FE529}.Release|Any CPU.ActiveCfg = Release|Any CPU
		{4FF119B8-2D36-4525-8117-42E6CE9FE529}.Release|Any CPU.Build.0 = Release|Any CPU
		{DB1E92CD-97ED-450E-9BF1-6D8BC3569C2D}.Debug|Any CPU.ActiveCfg = Debug|Any CPU
		{DB1E92CD-97ED-450E-9BF1-6D8BC3569C2D}.Debug|Any CPU.Build.0 = Debug|Any CPU
		{DB1E92CD-97ED-450E-9BF1-6D8BC3569C2D}.Release|Any CPU.ActiveCfg = Release|Any CPU
		{DB1E92CD-97ED-450E-9BF1-6D8BC3569C2D}.Release|Any CPU.Build.0 = Release|Any CPU
		{02DCBDA8-AD00-4318-8704-9573D6329403}.Debug|Any CPU.ActiveCfg = Debug|Any CPU
		{02DCBDA8-AD00-4318-8704-9573D6329403}.Debug|Any CPU.Build.0 = Debug|Any CPU
		{02DCBDA8-AD00-4318-8704-9573D6329403}.Release|Any CPU.ActiveCfg = Release|Any CPU
		{02DCBDA8-AD00-4318-8704-9573D6329403}.Release|Any CPU.Build.0 = Release|Any CPU
	EndGlobalSection
	GlobalSection(SolutionProperties) = preSolution
		HideSolutionNode = FALSE
	EndGlobalSection
EndGlobal
